
Microsoft Visual Studio Solution File, Format Version 12.00
# Visual Studio Version 17
VisualStudioVersion = 17.2.32616.157
MinimumVisualStudioVersion = 10.0.40219.1
Project("{FAE04EC0-301F-11D3-BF4B-00C04F79EFBC}") = "DostApp", "DostApp.csproj", "{D388FF8A-E4E0-4378-BD2E-1BF34C0DA4A6}"
EndProject
Global
	GlobalSection(SolutionConfigurationPlatforms) = preSolution
		Debug|Any CPU = Debug|Any CPU
		Release|Any CPU = Release|Any CPU
	EndGlobalSection
	GlobalSection(ProjectConfigurationPlatforms) = postSolution
		{D388FF8A-E4E0-4378-BD2E-1BF34C0DA4A6}.Debug|Any CPU.ActiveCfg = Debug|Any CPU
		{D388FF8A-E4E0-4378-BD2E-1BF34C0DA4A6}.Debug|Any CPU.Build.0 = Debug|Any CPU
		{D388FF8A-E4E0-4378-BD2E-1BF34C0DA4A6}.Release|Any CPU.ActiveCfg = Release|Any CPU
		{D388FF8A-E4E0-4378-BD2E-1BF34C0DA4A6}.Release|Any CPU.Build.0 = Release|Any CPU
	EndGlobalSection
	GlobalSection(SolutionProperties) = preSolution
		HideSolutionNode = FALSE
	EndGlobalSection
	GlobalSection(ExtensibilityGlobals) = postSolution
		SolutionGuid = {899E16A6-7028-49D1-A05E-32135F798725}
	EndGlobalSection
EndGlobal
